
Microsoft Visual Studio Solution File, Format Version 12.00
# Visual Studio Version 17
VisualStudioVersion = 17.7.34221.43
MinimumVisualStudioVersion = 10.0.40219.1
Project("{9A19103F-16F7-4668-BE54-9A1E7A4F7556}") = "AvaloniaFirstApp", "AvaloniaFirstApp\AvaloniaFirstApp.csproj", "{2AD58212-23C7-4536-951F-E4F3C532D224}"
EndProject
Project("{9A19103F-16F7-4668-BE54-9A1E7A4F7556}") = "AvaloniaFirstApp.Desktop", "AvaloniaFirstApp.Desktop\AvaloniaFirstApp.Desktop.csproj", "{CD145723-13FA-4B42-AC27-BFD8ED20DFE6}"
EndProject
Project("{2150E333-8FDC-42A3-9474-1A3956D46DE8}") = "Solution Items", "Solution Items", "{02EA681E-C7D8-13C7-8484-4AC65E1B71E8}"
	ProjectSection(SolutionItems) = preProject
		.editorconfig = .editorconfig
	EndProjectSection
EndProject
Global
	GlobalSection(SolutionConfigurationPlatforms) = preSolution
		Debug|Any CPU = Debug|Any CPU
		Release|Any CPU = Release|Any CPU
	EndGlobalSection
	GlobalSection(ProjectConfigurationPlatforms) = postSolution
		{2AD58212-23C7-4536-951F-E4F3C532D224}.Debug|Any CPU.ActiveCfg = Debug|Any CPU
		{2AD58212-23C7-4536-951F-E4F3C532D224}.Debug|Any CPU.Build.0 = Debug|Any CPU
		{2AD58212-23C7-4536-951F-E4F3C532D224}.Release|Any CPU.ActiveCfg = Release|Any CPU
		{2AD58212-23C7-4536-951F-E4F3C532D224}.Release|Any CPU.Build.0 = Release|Any CPU
		{CD145723-13FA-4B42-AC27-BFD8ED20DFE6}.Debug|Any CPU.ActiveCfg = Debug|Any CPU
		{CD145723-13FA-4B42-AC27-BFD8ED20DFE6}.Debug|Any CPU.Build.0 = Debug|Any CPU
		{CD145723-13FA-4B42-AC27-BFD8ED20DFE6}.Release|Any CPU.ActiveCfg = Release|Any CPU
		{CD145723-13FA-4B42-AC27-BFD8ED20DFE6}.Release|Any CPU.Build.0 = Release|Any CPU
	EndGlobalSection
	GlobalSection(SolutionProperties) = preSolution
		HideSolutionNode = FALSE
	EndGlobalSection
	GlobalSection(ExtensibilityGlobals) = postSolution
		SolutionGuid = {84DD5C21-EDE9-47BF-889D-4E241A79725C}
	EndGlobalSection
EndGlobal
